
Microsoft Visual Studio Solution File, Format Version 12.00
# Visual Studio Version 16
VisualStudioVersion = 16.0.30320.27
MinimumVisualStudioVersion = 10.0.40219.1
Project("{FAE04EC0-301F-11D3-BF4B-00C04F79EFBC}") = "String Reverser", "String Reverser\String Reverser.csproj", "{8ACC8838-9770-418C-B4FA-1B3BD0EAC61E}"
EndProject
Project("{FAE04EC0-301F-11D3-BF4B-00C04F79EFBC}") = "PythagorsCalculator", "PythagorsCalculator\PythagorsCalculator.csproj", "{5FB6BD28-6E56-41A3-A414-431523513E6D}"
EndProject
Global
	GlobalSection(SolutionConfigurationPlatforms) = preSolution
		Debug|Any CPU = Debug|Any CPU
		Release|Any CPU = Release|Any CPU
	EndGlobalSection
	GlobalSection(ProjectConfigurationPlatforms) = postSolution
		{8ACC8838-9770-418C-B4FA-1B3BD0EAC61E}.Debug|Any CPU.ActiveCfg = Debug|Any CPU
		{8ACC8838-9770-418C-B4FA-1B3BD0EAC61E}.Debug|Any CPU.Build.0 = Debug|Any CPU
		{8ACC8838-9770-418C-B4FA-1B3BD0EAC61E}.Release|Any CPU.ActiveCfg = Release|Any CPU
		{8ACC8838-9770-418C-B4FA-1B3BD0EAC61E}.Release|Any CPU.Build.0 = Release|Any CPU
		{5FB6BD28-6E56-41A3-A414-431523513E6D}.Debug|Any CPU.ActiveCfg = Debug|Any CPU
		{5FB6BD28-6E56-41A3-A414-431523513E6D}.Debug|Any CPU.Build.0 = Debug|Any CPU
		{5FB6BD28-6E56-41A3-A414-431523513E6D}.Release|Any CPU.ActiveCfg = Release|Any CPU
		{5FB6BD28-6E56-41A3-A414-431523513E6D}.Release|Any CPU.Build.0 = Release|Any CPU
	EndGlobalSection
	GlobalSection(SolutionProperties) = preSolution
		HideSolutionNode = FALSE
	EndGlobalSection
	GlobalSection(ExtensibilityGlobals) = postSolution
		SolutionGuid = {39AEBB8F-895E-4F49-8D2E-96B502905CDB}
	EndGlobalSection
EndGlobal
